
Microsoft Visual Studio Solution File, Format Version 12.00
# Visual Studio 2012
Project("{FAE04EC0-301F-11D3-BF4B-00C04F79EFBC}") = "Web", "Web\Web.csproj", "{AD8B009A-AB15-4261-9739-E265948A9811}"
EndProject
Project("{FAE04EC0-301F-11D3-BF4B-00C04F79EFBC}") = "Web.Tests", "Tests\Web.Tests\Web.Tests.csproj", "{DB896DAD-455B-486C-9B5F-803FED7F5777}"
EndProject
Project("{2150E333-8FDC-42A3-9474-1A3956D46DE8}") = "Tests", "Tests", "{0E5043EB-3097-48F0-B339-3E188965356F}"
EndProject
Project("{FAE04EC0-301F-11D3-BF4B-00C04F79EFBC}") = "Domain", "Domain\Domain.csproj", "{84076534-5016-4915-B050-06518D050434}"
EndProject
Project("{FAE04EC0-301F-11D3-BF4B-00C04F79EFBC}") = "Core", "Core\Core.csproj", "{6696BBD1-9B7A-44F9-AB0E-BE264402E5CC}"
EndProject
Project("{FAE04EC0-301F-11D3-BF4B-00C04F79EFBC}") = "API", "API\API.csproj", "{B73E5FF1-F3CD-4F2E-849A-57ED9926CCE0}"
EndProject
Project("{FAE04EC0-301F-11D3-BF4B-00C04F79EFBC}") = "API.Tests", "Tests\API.Tests\API.Tests.csproj", "{1BC47F5F-9A10-4908-91BF-52A3B34CAA2A}"
EndProject
Project("{FAE04EC0-301F-11D3-BF4B-00C04F79EFBC}") = "Common", "Common\Common.csproj", "{8C379DD1-93A3-4B68-A3AE-E7C2CE5A8A0F}"
EndProject
Project("{00D1A9C2-B5F0-4AF3-8072-F6C62B433612}") = "Database", "Database\Database.sqlproj", "{524F9C95-72F7-4EEA-95CD-915CC887DD1A}"
EndProject
Project("{FAE04EC0-301F-11D3-BF4B-00C04F79EFBC}") = "API.Client.Test", "API.Client.Test\API.Client.Test.csproj", "{F1B9302A-E5AF-4195-995F-D8754F8962CF}"
EndProject
Project("{FAE04EC0-301F-11D3-BF4B-00C04F79EFBC}") = "Core.Tests", "Tests\Core.Tests\Core.Tests.csproj", "{654A465A-FD14-454E-B494-06A29A061075}"
EndProject
Project("{FAE04EC0-301F-11D3-BF4B-00C04F79EFBC}") = "Domain.Tests", "Tests\Domain.Tests\Domain.Tests.csproj", "{EDBDD1F8-63C0-43A2-BB48-8A32688CE92A}"
EndProject
Project("{FAE04EC0-301F-11D3-BF4B-00C04F79EFBC}") = "Web.Common", "Web.Common\Web.Common.csproj", "{656D43BE-DAC7-4AD7-B3A5-F1D34C8A2D1E}"
EndProject
Project("{2150E333-8FDC-42A3-9474-1A3956D46DE8}") = ".nuget", ".nuget", "{25784E7A-36F9-477C-A16F-0D2400A638AB}"
	ProjectSection(SolutionItems) = preProject
		.nuget\NuGet.Config = .nuget\NuGet.Config
		.nuget\NuGet.exe = .nuget\NuGet.exe
		.nuget\NuGet.targets = .nuget\NuGet.targets
	EndProjectSection
EndProject
Project("{FAE04EC0-301F-11D3-BF4B-00C04F79EFBC}") = "Common.Tests", "Common.Tests\Common.Tests.csproj", "{17EB1A2D-913E-439B-8922-1CA2E2C4E4EF}"
EndProject
Global
	GlobalSection(SolutionConfigurationPlatforms) = preSolution
		Debug|Any CPU = Debug|Any CPU
		QA|Any CPU = QA|Any CPU
		Release|Any CPU = Release|Any CPU
	EndGlobalSection
	GlobalSection(ProjectConfigurationPlatforms) = postSolution
		{AD8B009A-AB15-4261-9739-E265948A9811}.Debug|Any CPU.ActiveCfg = Debug|Any CPU
		{AD8B009A-AB15-4261-9739-E265948A9811}.Debug|Any CPU.Build.0 = Debug|Any CPU
		{AD8B009A-AB15-4261-9739-E265948A9811}.QA|Any CPU.ActiveCfg = QA|Any CPU
		{AD8B009A-AB15-4261-9739-E265948A9811}.QA|Any CPU.Build.0 = QA|Any CPU
		{AD8B009A-AB15-4261-9739-E265948A9811}.Release|Any CPU.ActiveCfg = Release|Any CPU
		{AD8B009A-AB15-4261-9739-E265948A9811}.Release|Any CPU.Build.0 = Release|Any CPU
		{DB896DAD-455B-486C-9B5F-803FED7F5777}.Debug|Any CPU.ActiveCfg = Debug|Any CPU
		{DB896DAD-455B-486C-9B5F-803FED7F5777}.Debug|Any CPU.Build.0 = Debug|Any CPU
		{DB896DAD-455B-486C-9B5F-803FED7F5777}.QA|Any CPU.ActiveCfg = QA|Any CPU
		{DB896DAD-455B-486C-9B5F-803FED7F5777}.QA|Any CPU.Build.0 = QA|Any CPU
		{DB896DAD-455B-486C-9B5F-803FED7F5777}.Release|Any CPU.ActiveCfg = Release|Any CPU
		{DB896DAD-455B-486C-9B5F-803FED7F5777}.Release|Any CPU.Build.0 = Release|Any CPU
		{84076534-5016-4915-B050-06518D050434}.Debug|Any CPU.ActiveCfg = Debug|Any CPU
		{84076534-5016-4915-B050-06518D050434}.Debug|Any CPU.Build.0 = Debug|Any CPU
		{84076534-5016-4915-B050-06518D050434}.QA|Any CPU.ActiveCfg = QA|Any CPU
		{84076534-5016-4915-B050-06518D050434}.QA|Any CPU.Build.0 = QA|Any CPU
		{84076534-5016-4915-B050-06518D050434}.Release|Any CPU.ActiveCfg = Release|Any CPU
		{84076534-5016-4915-B050-06518D050434}.Release|Any CPU.Build.0 = Release|Any CPU
		{6696BBD1-9B7A-44F9-AB0E-BE264402E5CC}.Debug|Any CPU.ActiveCfg = Debug|Any CPU
		{6696BBD1-9B7A-44F9-AB0E-BE264402E5CC}.Debug|Any CPU.Build.0 = Debug|Any CPU
		{6696BBD1-9B7A-44F9-AB0E-BE264402E5CC}.QA|Any CPU.ActiveCfg = QA|Any CPU
		{6696BBD1-9B7A-44F9-AB0E-BE264402E5CC}.QA|Any CPU.Build.0 = QA|Any CPU
		{6696BBD1-9B7A-44F9-AB0E-BE264402E5CC}.Release|Any CPU.ActiveCfg = Release|Any CPU
		{6696BBD1-9B7A-44F9-AB0E-BE264402E5CC}.Release|Any CPU.Build.0 = Release|Any CPU
		{B73E5FF1-F3CD-4F2E-849A-57ED9926CCE0}.Debug|Any CPU.ActiveCfg = Debug|Any CPU
		{B73E5FF1-F3CD-4F2E-849A-57ED9926CCE0}.Debug|Any CPU.Build.0 = Debug|Any CPU
		{B73E5FF1-F3CD-4F2E-849A-57ED9926CCE0}.QA|Any CPU.ActiveCfg = QA|Any CPU
		{B73E5FF1-F3CD-4F2E-849A-57ED9926CCE0}.QA|Any CPU.Build.0 = QA|Any CPU
		{B73E5FF1-F3CD-4F2E-849A-57ED9926CCE0}.Release|Any CPU.ActiveCfg = Release|Any CPU
		{B73E5FF1-F3CD-4F2E-849A-57ED9926CCE0}.Release|Any CPU.Build.0 = Release|Any CPU
		{1BC47F5F-9A10-4908-91BF-52A3B34CAA2A}.Debug|Any CPU.ActiveCfg = Debug|Any CPU
		{1BC47F5F-9A10-4908-91BF-52A3B34CAA2A}.Debug|Any CPU.Build.0 = Debug|Any CPU
		{1BC47F5F-9A10-4908-91BF-52A3B34CAA2A}.QA|Any CPU.ActiveCfg = QA|Any CPU
		{1BC47F5F-9A10-4908-91BF-52A3B34CAA2A}.QA|Any CPU.Build.0 = QA|Any CPU
		{1BC47F5F-9A10-4908-91BF-52A3B34CAA2A}.Release|Any CPU.ActiveCfg = Release|Any CPU
		{1BC47F5F-9A10-4908-91BF-52A3B34CAA2A}.Release|Any CPU.Build.0 = Release|Any CPU
		{8C379DD1-93A3-4B68-A3AE-E7C2CE5A8A0F}.Debug|Any CPU.ActiveCfg = Debug|Any CPU
		{8C379DD1-93A3-4B68-A3AE-E7C2CE5A8A0F}.Debug|Any CPU.Build.0 = Debug|Any CPU
		{8C379DD1-93A3-4B68-A3AE-E7C2CE5A8A0F}.QA|Any CPU.ActiveCfg = QA|Any CPU
		{8C379DD1-93A3-4B68-A3AE-E7C2CE5A8A0F}.QA|Any CPU.Build.0 = QA|Any CPU
		{8C379DD1-93A3-4B68-A3AE-E7C2CE5A8A0F}.Release|Any CPU.ActiveCfg = Release|Any CPU
		{8C379DD1-93A3-4B68-A3AE-E7C2CE5A8A0F}.Release|Any CPU.Build.0 = Release|Any CPU
		{524F9C95-72F7-4EEA-95CD-915CC887DD1A}.Debug|Any CPU.ActiveCfg = Debug|Any CPU
		{524F9C95-72F7-4EEA-95CD-915CC887DD1A}.Debug|Any CPU.Build.0 = Debug|Any CPU
		{524F9C95-72F7-4EEA-95CD-915CC887DD1A}.QA|Any CPU.ActiveCfg = Release|Any CPU
		{524F9C95-72F7-4EEA-95CD-915CC887DD1A}.QA|Any CPU.Build.0 = Release|Any CPU
		{524F9C95-72F7-4EEA-95CD-915CC887DD1A}.QA|Any CPU.Deploy.0 = Release|Any CPU
		{524F9C95-72F7-4EEA-95CD-915CC887DD1A}.Release|Any CPU.ActiveCfg = Release|Any CPU
		{524F9C95-72F7-4EEA-95CD-915CC887DD1A}.Release|Any CPU.Build.0 = Release|Any CPU
		{524F9C95-72F7-4EEA-95CD-915CC887DD1A}.Release|Any CPU.Deploy.0 = Release|Any CPU
		{F1B9302A-E5AF-4195-995F-D8754F8962CF}.Debug|Any CPU.ActiveCfg = Debug|Any CPU
		{F1B9302A-E5AF-4195-995F-D8754F8962CF}.Debug|Any CPU.Build.0 = Debug|Any CPU
		{F1B9302A-E5AF-4195-995F-D8754F8962CF}.QA|Any CPU.ActiveCfg = QA|Any CPU
		{F1B9302A-E5AF-4195-995F-D8754F8962CF}.QA|Any CPU.Build.0 = QA|Any CPU
		{F1B9302A-E5AF-4195-995F-D8754F8962CF}.Release|Any CPU.ActiveCfg = Release|Any CPU
		{F1B9302A-E5AF-4195-995F-D8754F8962CF}.Release|Any CPU.Build.0 = Release|Any CPU
		{654A465A-FD14-454E-B494-06A29A061075}.Debug|Any CPU.ActiveCfg = Debug|Any CPU
		{654A465A-FD14-454E-B494-06A29A061075}.Debug|Any CPU.Build.0 = Debug|Any CPU
		{654A465A-FD14-454E-B494-06A29A061075}.QA|Any CPU.ActiveCfg = Release|Any CPU
		{654A465A-FD14-454E-B494-06A29A061075}.QA|Any CPU.Build.0 = Release|Any CPU
		{654A465A-FD14-454E-B494-06A29A061075}.Release|Any CPU.ActiveCfg = Release|Any CPU
		{654A465A-FD14-454E-B494-06A29A061075}.Release|Any CPU.Build.0 = Release|Any CPU
		{EDBDD1F8-63C0-43A2-BB48-8A32688CE92A}.Debug|Any CPU.ActiveCfg = Debug|Any CPU
		{EDBDD1F8-63C0-43A2-BB48-8A32688CE92A}.Debug|Any CPU.Build.0 = Debug|Any CPU
		{EDBDD1F8-63C0-43A2-BB48-8A32688CE92A}.QA|Any CPU.ActiveCfg = Release|Any CPU
		{EDBDD1F8-63C0-43A2-BB48-8A32688CE92A}.QA|Any CPU.Build.0 = Release|Any CPU
		{EDBDD1F8-63C0-43A2-BB48-8A32688CE92A}.Release|Any CPU.ActiveCfg = Release|Any CPU
		{EDBDD1F8-63C0-43A2-BB48-8A32688CE92A}.Release|Any CPU.Build.0 = Release|Any CPU
		{656D43BE-DAC7-4AD7-B3A5-F1D34C8A2D1E}.Debug|Any CPU.ActiveCfg = Debug|Any CPU
		{656D43BE-DAC7-4AD7-B3A5-F1D34C8A2D1E}.Debug|Any CPU.Build.0 = Debug|Any CPU
		{656D43BE-DAC7-4AD7-B3A5-F1D34C8A2D1E}.QA|Any CPU.ActiveCfg = Release|Any CPU
		{656D43BE-DAC7-4AD7-B3A5-F1D34C8A2D1E}.QA|Any CPU.Build.0 = Release|Any CPU
		{656D43BE-DAC7-4AD7-B3A5-F1D34C8A2D1E}.Release|Any CPU.ActiveCfg = Release|Any CPU
		{656D43BE-DAC7-4AD7-B3A5-F1D34C8A2D1E}.Release|Any CPU.Build.0 = Release|Any CPU
		{17EB1A2D-913E-439B-8922-1CA2E2C4E4EF}.Debug|Any CPU.ActiveCfg = Debug|Any CPU
		{17EB1A2D-913E-439B-8922-1CA2E2C4E4EF}.Debug|Any CPU.Build.0 = Debug|Any CPU
		{17EB1A2D-913E-439B-8922-1CA2E2C4E4EF}.QA|Any CPU.ActiveCfg = Release|Any CPU
		{17EB1A2D-913E-439B-8922-1CA2E2C4E4EF}.QA|Any CPU.Build.0 = Release|Any CPU
		{17EB1A2D-913E-439B-8922-1CA2E2C4E4EF}.Release|Any CPU.ActiveCfg = Release|Any CPU
		{17EB1A2D-913E-439B-8922-1CA2E2C4E4EF}.Release|Any CPU.Build.0 = Release|Any CPU
	EndGlobalSection
	GlobalSection(SolutionProperties) = preSolution
		HideSolutionNode = FALSE
	EndGlobalSection
	GlobalSection(NestedProjects) = preSolution
		{DB896DAD-455B-486C-9B5F-803FED7F5777} = {0E5043EB-3097-48F0-B339-3E188965356F}
		{1BC47F5F-9A10-4908-91BF-52A3B34CAA2A} = {0E5043EB-3097-48F0-B339-3E188965356F}
		{F1B9302A-E5AF-4195-995F-D8754F8962CF} = {0E5043EB-3097-48F0-B339-3E188965356F}
		{654A465A-FD14-454E-B494-06A29A061075} = {0E5043EB-3097-48F0-B339-3E188965356F}
		{EDBDD1F8-63C0-43A2-BB48-8A32688CE92A} = {0E5043EB-3097-48F0-B339-3E188965356F}
		{17EB1A2D-913E-439B-8922-1CA2E2C4E4EF} = {0E5043EB-3097-48F0-B339-3E188965356F}
	EndGlobalSection
	GlobalSection(ExtensibilityGlobals) = postSolution
		EnterpriseLibraryConfigurationToolBinariesPath = packages\Unity.2.1.505.2\lib\NET35;packages\Unity.Interception.2.1.505.2\lib\NET35;packages\EnterpriseLibrary.Common.5.0.505.0\lib\NET35;packages\EnterpriseLibrary.Logging.5.0.505.1\lib\NET35;packages\EnterpriseLibrary.Data.5.0.505.0\lib\NET35;packages\EnterpriseLibrary.Logging.Database.5.0.505.0\lib\NET35
		EnterpriseLibraryConfigurationToolBinariesPathV6 = packages\EnterpriseLibrary.Common.6.0.1304.0\lib\NET45;packages\EnterpriseLibrary.Logging.6.0.1304.0\lib\NET45;packages\EnterpriseLibrary.Data.6.0.1304.0\lib\NET45;packages\EnterpriseLibrary.Logging.Database.6.0.1304.0\lib\NET45
	EndGlobalSection
	GlobalSection(SubversionScc) = preSolution
		Svn-Managed = True
		Manager = AnkhSVN - Subversion Support for Visual Studio
	EndGlobalSection
EndGlobal
